
Microsoft Visual Studio Solution File, Format Version 12.00
# Visual Studio Version 17
VisualStudioVersion = 17.9.34728.123
MinimumVisualStudioVersion = 10.0.40219.1
Project("{FAE04EC0-301F-11D3-BF4B-00C04F79EFBC}") = "exercicio07", "exercicio07\exercicio07.csproj", "{374FAD33-9617-4E3F-BFB4-4258DA69747E}"
EndProject
Global
	GlobalSection(SolutionConfigurationPlatforms) = preSolution
		Debug|Any CPU = Debug|Any CPU
		Release|Any CPU = Release|Any CPU
	EndGlobalSection
	GlobalSection(ProjectConfigurationPlatforms) = postSolution
		{374FAD33-9617-4E3F-BFB4-4258DA69747E}.Debug|Any CPU.ActiveCfg = Debug|Any CPU
		{374FAD33-9617-4E3F-BFB4-4258DA69747E}.Debug|Any CPU.Build.0 = Debug|Any CPU
		{374FAD33-9617-4E3F-BFB4-4258DA69747E}.Release|Any CPU.ActiveCfg = Release|Any CPU
		{374FAD33-9617-4E3F-BFB4-4258DA69747E}.Release|Any CPU.Build.0 = Release|Any CPU
	EndGlobalSection
	GlobalSection(SolutionProperties) = preSolution
		HideSolutionNode = FALSE
	EndGlobalSection
	GlobalSection(ExtensibilityGlobals) = postSolution
		SolutionGuid = {650F6AB5-0489-4FCA-B034-011F106D156B}
	EndGlobalSection
EndGlobal
