
Microsoft Visual Studio Solution File, Format Version 12.00
# Visual Studio Version 17
VisualStudioVersion = 17.9.34728.123
MinimumVisualStudioVersion = 10.0.40219.1
Project("{FAE04EC0-301F-11D3-BF4B-00C04F79EFBC}") = "exercicio01", "exercicio01.csproj", "{526CA0E7-F41A-4F4A-81B8-008AE7684035}"
EndProject
Global
	GlobalSection(SolutionConfigurationPlatforms) = preSolution
		Debug|Any CPU = Debug|Any CPU
		Release|Any CPU = Release|Any CPU
	EndGlobalSection
	GlobalSection(ProjectConfigurationPlatforms) = postSolution
		{526CA0E7-F41A-4F4A-81B8-008AE7684035}.Debug|Any CPU.ActiveCfg = Debug|Any CPU
		{526CA0E7-F41A-4F4A-81B8-008AE7684035}.Debug|Any CPU.Build.0 = Debug|Any CPU
		{526CA0E7-F41A-4F4A-81B8-008AE7684035}.Release|Any CPU.ActiveCfg = Release|Any CPU
		{526CA0E7-F41A-4F4A-81B8-008AE7684035}.Release|Any CPU.Build.0 = Release|Any CPU
	EndGlobalSection
	GlobalSection(SolutionProperties) = preSolution
		HideSolutionNode = FALSE
	EndGlobalSection
	GlobalSection(ExtensibilityGlobals) = postSolution
		SolutionGuid = {F0FA3BC7-77C1-4123-A18E-B6962B0E3A03}
	EndGlobalSection
EndGlobal
