
Microsoft Visual Studio Solution File, Format Version 12.00
# Visual Studio Version 17
VisualStudioVersion = 17.9.34728.123
MinimumVisualStudioVersion = 10.0.40219.1
Project("{FAE04EC0-301F-11D3-BF4B-00C04F79EFBC}") = "exercicio_5", "exercicio_5\exercicio_5.csproj", "{DFF28207-F3CD-4FB2-8A80-A7D98E5A2745}"
EndProject
Global
	GlobalSection(SolutionConfigurationPlatforms) = preSolution
		Debug|Any CPU = Debug|Any CPU
		Release|Any CPU = Release|Any CPU
	EndGlobalSection
	GlobalSection(ProjectConfigurationPlatforms) = postSolution
		{DFF28207-F3CD-4FB2-8A80-A7D98E5A2745}.Debug|Any CPU.ActiveCfg = Debug|Any CPU
		{DFF28207-F3CD-4FB2-8A80-A7D98E5A2745}.Debug|Any CPU.Build.0 = Debug|Any CPU
		{DFF28207-F3CD-4FB2-8A80-A7D98E5A2745}.Release|Any CPU.ActiveCfg = Release|Any CPU
		{DFF28207-F3CD-4FB2-8A80-A7D98E5A2745}.Release|Any CPU.Build.0 = Release|Any CPU
	EndGlobalSection
	GlobalSection(SolutionProperties) = preSolution
		HideSolutionNode = FALSE
	EndGlobalSection
	GlobalSection(ExtensibilityGlobals) = postSolution
		SolutionGuid = {EDDBA9C2-14CE-4DD9-B5BE-34DDB3F691B9}
	EndGlobalSection
EndGlobal
