
Microsoft Visual Studio Solution File, Format Version 12.00
# Visual Studio Version 17
VisualStudioVersion = 17.9.34728.123
MinimumVisualStudioVersion = 10.0.40219.1
Project("{FAE04EC0-301F-11D3-BF4B-00C04F79EFBC}") = "exercicio02", "exercicio02\exercicio02.csproj", "{5E7FFA25-6BF4-4E2E-8E4F-F80800846409}"
EndProject
Global
	GlobalSection(SolutionConfigurationPlatforms) = preSolution
		Debug|Any CPU = Debug|Any CPU
		Release|Any CPU = Release|Any CPU
	EndGlobalSection
	GlobalSection(ProjectConfigurationPlatforms) = postSolution
		{5E7FFA25-6BF4-4E2E-8E4F-F80800846409}.Debug|Any CPU.ActiveCfg = Debug|Any CPU
		{5E7FFA25-6BF4-4E2E-8E4F-F80800846409}.Debug|Any CPU.Build.0 = Debug|Any CPU
		{5E7FFA25-6BF4-4E2E-8E4F-F80800846409}.Release|Any CPU.ActiveCfg = Release|Any CPU
		{5E7FFA25-6BF4-4E2E-8E4F-F80800846409}.Release|Any CPU.Build.0 = Release|Any CPU
	EndGlobalSection
	GlobalSection(SolutionProperties) = preSolution
		HideSolutionNode = FALSE
	EndGlobalSection
	GlobalSection(ExtensibilityGlobals) = postSolution
		SolutionGuid = {E98D7B63-852C-43B5-9503-CE95D0E33710}
	EndGlobalSection
EndGlobal
