
Microsoft Visual Studio Solution File, Format Version 12.00
# Visual Studio Version 17
VisualStudioVersion = 17.9.34728.123
MinimumVisualStudioVersion = 10.0.40219.1
Project("{FAE04EC0-301F-11D3-BF4B-00C04F79EFBC}") = "exercicio06", "exercicio06\exercicio06.csproj", "{5A778C23-DCEC-4F16-BEDF-8213DD9E7525}"
EndProject
Global
	GlobalSection(SolutionConfigurationPlatforms) = preSolution
		Debug|Any CPU = Debug|Any CPU
		Release|Any CPU = Release|Any CPU
	EndGlobalSection
	GlobalSection(ProjectConfigurationPlatforms) = postSolution
		{5A778C23-DCEC-4F16-BEDF-8213DD9E7525}.Debug|Any CPU.ActiveCfg = Debug|Any CPU
		{5A778C23-DCEC-4F16-BEDF-8213DD9E7525}.Debug|Any CPU.Build.0 = Debug|Any CPU
		{5A778C23-DCEC-4F16-BEDF-8213DD9E7525}.Release|Any CPU.ActiveCfg = Release|Any CPU
		{5A778C23-DCEC-4F16-BEDF-8213DD9E7525}.Release|Any CPU.Build.0 = Release|Any CPU
	EndGlobalSection
	GlobalSection(SolutionProperties) = preSolution
		HideSolutionNode = FALSE
	EndGlobalSection
	GlobalSection(ExtensibilityGlobals) = postSolution
		SolutionGuid = {D7299DFE-AF5A-4592-AECD-CF49B92AF6BE}
	EndGlobalSection
EndGlobal
