
Microsoft Visual Studio Solution File, Format Version 12.00
# Visual Studio Version 17
VisualStudioVersion = 17.9.34728.123
MinimumVisualStudioVersion = 10.0.40219.1
Project("{FAE04EC0-301F-11D3-BF4B-00C04F79EFBC}") = "exercicio02", "exercicio02\exercicio02.csproj", "{D2109E6C-ACBA-4BF0-9930-1C0862B3D3B0}"
EndProject
Global
	GlobalSection(SolutionConfigurationPlatforms) = preSolution
		Debug|Any CPU = Debug|Any CPU
		Release|Any CPU = Release|Any CPU
	EndGlobalSection
	GlobalSection(ProjectConfigurationPlatforms) = postSolution
		{D2109E6C-ACBA-4BF0-9930-1C0862B3D3B0}.Debug|Any CPU.ActiveCfg = Debug|Any CPU
		{D2109E6C-ACBA-4BF0-9930-1C0862B3D3B0}.Debug|Any CPU.Build.0 = Debug|Any CPU
		{D2109E6C-ACBA-4BF0-9930-1C0862B3D3B0}.Release|Any CPU.ActiveCfg = Release|Any CPU
		{D2109E6C-ACBA-4BF0-9930-1C0862B3D3B0}.Release|Any CPU.Build.0 = Release|Any CPU
	EndGlobalSection
	GlobalSection(SolutionProperties) = preSolution
		HideSolutionNode = FALSE
	EndGlobalSection
	GlobalSection(ExtensibilityGlobals) = postSolution
		SolutionGuid = {C0703C7A-D6B0-440B-9BE8-061AB8CB90C2}
	EndGlobalSection
EndGlobal
